// !$*UTF8*$!
{
	archiveVersion = 1;
	classes = {
	};
	objectVersion = 46;
	objects = {

/* Begin PBXBuildFile section */
		9BB5EE9515911E000095538D /* UIKit.framework in Frameworks */ = {isa = PBXBuildFile; fileRef = 9BB5EE9415911E000095538D /* UIKit.framework */; };
		9BB5EE9715911E000095538D /* Foundation.framework in Frameworks */ = {isa = PBXBuildFile; fileRef = 9BB5EE9615911E000095538D /* Foundation.framework */; };
		9BB5EE9915911E000095538D /* CoreGraphics.framework in Frameworks */ = {isa = PBXBuildFile; fileRef = 9BB5EE9815911E000095538D /* CoreGraphics.framework */; };
		9BB5EE9F15911E000095538D /* InfoPlist.strings in Resources */ = {isa = PBXBuildFile; fileRef = 9BB5EE9D15911E000095538D /* InfoPlist.strings */; };
		9BB5EEA115911E000095538D /* main.m in Sources */ = {isa = PBXBuildFile; fileRef = 9BB5EEA015911E000095538D /* main.m */; };
		9BB5EEA515911E000095538D /* AppDelegate.m in Sources */ = {isa = PBXBuildFile; fileRef = 9BB5EEA415911E000095538D /* AppDelegate.m */; };
		9BB5EEA815911E000095538D /* MainStoryboard.storyboard in Resources */ = {isa = PBXBuildFile; fileRef = 9BB5EEA615911E000095538D /* MainStoryboard.storyboard */; };
		9BB5EEAB15911E000095538D /* ViewController.m in Sources */ = {isa = PBXBuildFile; fileRef = 9BB5EEAA15911E000095538D /* ViewController.m */; };
/* End PBXBuildFile section */

/* Begin PBXFileReference section */
		9BB5EE9015911E000095538D /* Puzzled_v0.app */ = {isa = PBXFileReference; explicitFileType = wrapper.application; includeInIndex = 0; path = Puzzled_v0.app; sourceTree = BUILT_PRODUCTS_DIR; };
		9BB5EE9415911E000095538D /* UIKit.framework */ = {isa = PBXFileReference; lastKnownFileType = wrapper.framework; name = UIKit.framework; path = System/Library/Frameworks/UIKit.framework; sourceTree = SDKROOT; };
		9BB5EE9615911E000095538D /* Foundation.framework */ = {isa = PBXFileReference; lastKnownFileType = wrapper.framework; name = Foundation.framework; path = System/Library/Frameworks/Foundation.framework; sourceTree = SDKROOT; };
		9BB5EE9815911E000095538D /* CoreGraphics.framework */ = {isa = PBXFileReference; lastKnownFileType = wrapper.framework; name = CoreGraphics.framework; path = System/Library/Frameworks/CoreGraphics.framework; sourceTree = SDKROOT; };
		9BB5EE9C15911E000095538D /* Puzzled_v0-Info.plist */ = {isa = PBXFileReference; lastKnownFileType = text.plist.xml; path = "Puzzled_v0-Info.plist"; sourceTree = "<group>"; };
		9BB5EE9E15911E000095538D /* en */ = {isa = PBXFileReference; lastKnownFileType = text.plist.strings; name = en; path = en.lproj/InfoPlist.strings; sourceTree = "<group>"; };
		9BB5EEA015911E000095538D /* main.m */ = {isa = PBXFileReference; lastKnownFileType = sourcecode.c.objc; path = main.m; sourceTree = "<group>"; };
		9BB5EEA215911E000095538D /* Puzzled_v0-Prefix.pch */ = {isa = PBXFileReference; lastKnownFileType = sourcecode.c.h; path = "Puzzled_v0-Prefix.pch"; sourceTree = "<group>"; };
		9BB5EEA315911E000095538D /* AppDelegate.h */ = {isa = PBXFileReference; lastKnownFileType = sourcecode.c.h; path = AppDelegate.h; sourceTree = "<group>"; };
		9BB5EEA415911E000095538D /* AppDelegate.m */ = {isa = PBXFileReference; lastKnownFileType = sourcecode.c.objc; path = AppDelegate.m; sourceTree = "<group>"; };
		9BB5EEA715911E000095538D /* en */ = {isa = PBXFileReference; lastKnownFileType = file.storyboard; name = en; path = en.lproj/MainStoryboard.storyboard; sourceTree = "<group>"; };
		9BB5EEA915911E000095538D /* ViewController.h */ = {isa = PBXFileReference; lastKnownFileType = sourcecode.c.h; path = ViewController.h; sourceTree = "<group>"; };
		9BB5EEAA15911E000095538D /* ViewController.m */ = {isa = PBXFileReference; lastKnownFileType = sourcecode.c.objc; path = ViewController.m; sourceTree = "<group>"; };
/* End PBXFileReference section */

/* Begin PBXFrameworksBuildPhase section */
		9BB5EE8D15911E000095538D /* Frameworks */ = {
			isa = PBXFrameworksBuildPhase;
			buildActionMask = 2147483647;
			files = (
				9BB5EE9515911E000095538D /* UIKit.framework in Frameworks */,
				9BB5EE9715911E000095538D /* Foundation.framework in Frameworks */,
				9BB5EE9915911E000095538D /* CoreGraphics.framework in Frameworks */,
			);
			runOnlyForDeploymentPostprocessing = 0;
		};
/* End PBXFrameworksBuildPhase section */

/* Begin PBXGroup section */
		9BB5EE8515911E000095538D = {
			isa = PBXGroup;
			children = (
				9BB5EE9A15911E000095538D /* Puzzled_v0 */,
				9BB5EE9315911E000095538D /* Frameworks */,
				9BB5EE9115911E000095538D /* Products */,
			);
			sourceTree = "<group>";
		};
		9BB5EE9115911E000095538D /* Products */ = {
			isa = PBXGroup;
			children = (
				9BB5EE9015911E000095538D /* Puzzled_v0.app */,
			);
			name = Products;
			sourceTree = "<group>";
		};
		9BB5EE9315911E000095538D /* Frameworks */ = {
			isa = PBXGroup;
			children = (
				9BB5EE9415911E000095538D /* UIKit.framework */,
				9BB5EE9615911E000095538D /* Foundation.framework */,
				9BB5EE9815911E000095538D /* CoreGraphics.framework */,
			);
			name = Frameworks;
			sourceTree = "<group>";
		};
		9BB5EE9A15911E000095538D /* Puzzled_v0 */ = {
			isa = PBXGroup;
			children = (
				9BB5EEA315911E000095538D /* AppDelegate.h */,
				9BB5EEA415911E000095538D /* AppDelegate.m */,
				9BB5EEA615911E000095538D /* MainStoryboard.storyboard */,
				9BB5EEA915911E000095538D /* ViewController.h */,
				9BB5EEAA15911E000095538D /* ViewController.m */,
				9BB5EE9B15911E000095538D /* Supporting Files */,
			);
			path = Puzzled_v0;
			sourceTree = "<group>";
		};
		9BB5EE9B15911E000095538D /* Supporting Files */ = {
			isa = PBXGroup;
			children = (
				9BB5EE9C15911E000095538D /* Puzzled_v0-Info.plist */,
				9BB5EE9D15911E000095538D /* InfoPlist.strings */,
				9BB5EEA015911E000095538D /* main.m */,
				9BB5EEA215911E000095538D /* Puzzled_v0-Prefix.pch */,
			);
			name = "Supporting Files";
			sourceTree = "<group>";
		};
/* End PBXGroup section */

/* Begin PBXNativeTarget section */
		9BB5EE8F15911E000095538D /* Puzzled_v0 */ = {
			isa = PBXNativeTarget;
			buildConfigurationList = 9BB5EEAE15911E000095538D /* Build configuration list for PBXNativeTarget "Puzzled_v0" */;
			buildPhases = (
				9BB5EE8C15911E000095538D /* Sources */,
				9BB5EE8D15911E000095538D /* Frameworks */,
				9BB5EE8E15911E000095538D /* Resources */,
			);
			buildRules = (
			);
			dependencies = (
			);
			name = Puzzled_v0;
			productName = Puzzled_v0;
			productReference = 9BB5EE9015911E000095538D /* Puzzled_v0.app */;
			productType = "com.apple.product-type.application";
		};
/* End PBXNativeTarget section */

/* Begin PBXProject section */
		9BB5EE8715911E000095538D /* Project object */ = {
			isa = PBXProject;
			attributes = {
				LastUpgradeCheck = 0430;
			};
			buildConfigurationList = 9BB5EE8A15911E000095538D /* Build configuration list for PBXProject "Puzzled_v0" */;
			compatibilityVersion = "Xcode 3.2";
			developmentRegion = English;
			hasScannedForEncodings = 0;
			knownRegions = (
				en,
			);
			mainGroup = 9BB5EE8515911E000095538D;
			productRefGroup = 9BB5EE9115911E000095538D /* Products */;
			projectDirPath = "";
			projectRoot = "";
			targets = (
				9BB5EE8F15911E000095538D /* Puzzled_v0 */,
			);
		};
/* End PBXProject section */

/* Begin PBXResourcesBuildPhase section */
		9BB5EE8E15911E000095538D /* Resources */ = {
			isa = PBXResourcesBuildPhase;
			buildActionMask = 2147483647;
			files = (
				9BB5EE9F15911E000095538D /* InfoPlist.strings in Resources */,
				9BB5EEA815911E000095538D /* MainStoryboard.storyboard in Resources */,
			);
			runOnlyForDeploymentPostprocessing = 0;
		};
/* End PBXResourcesBuildPhase section */

/* Begin PBXSourcesBuildPhase section */
		9BB5EE8C15911E000095538D /* Sources */ = {
			isa = PBXSourcesBuildPhase;
			buildActionMask = 2147483647;
			files = (
				9BB5EEA115911E000095538D /* main.m in Sources */,
				9BB5EEA515911E000095538D /* AppDelegate.m in Sources */,
				9BB5EEAB15911E000095538D /* ViewController.m in Sources */,
			);
			runOnlyForDeploymentPostprocessing = 0;
		};
/* End PBXSourcesBuildPhase section */

/* Begin PBXVariantGroup section */
		9BB5EE9D15911E000095538D /* InfoPlist.strings */ = {
			isa = PBXVariantGroup;
			children = (
				9BB5EE9E15911E000095538D /* en */,
			);
			name = InfoPlist.strings;
			sourceTree = "<group>";
		};
		9BB5EEA615911E000095538D /* MainStoryboard.storyboard */ = {
			isa = PBXVariantGroup;
			children = (
				9BB5EEA715911E000095538D /* en */,
			);
			name = MainStoryboard.storyboard;
			sourceTree = "<group>";
		};
/* End PBXVariantGroup section */

/* Begin XCBuildConfiguration section */
		9BB5EEAC15911E000095538D /* Debug */ = {
			isa = XCBuildConfiguration;
			buildSettings = {
				ALWAYS_SEARCH_USER_PATHS = NO;
				ARCHS = "$(ARCHS_STANDARD_32_BIT)";
				CLANG_ENABLE_OBJC_ARC = YES;
				"CODE_SIGN_IDENTITY[sdk=iphoneos*]" = "iPhone Developer";
				COPY_PHASE_STRIP = NO;
				GCC_C_LANGUAGE_STANDARD = gnu99;
				GCC_DYNAMIC_NO_PIC = NO;
				GCC_OPTIMIZATION_LEVEL = 0;
				GCC_PREPROCESSOR_DEFINITIONS = (
					"DEBUG=1",
					"$(inherited)",
				);
				GCC_SYMBOLS_PRIVATE_EXTERN = NO;
				GCC_VERSION = com.apple.compilers.llvm.clang.1_0;
				GCC_WARN_ABOUT_RETURN_TYPE = YES;
				GCC_WARN_UNINITIALIZED_AUTOS = YES;
				GCC_WARN_UNUSED_VARIABLE = YES;
				IPHONEOS_DEPLOYMENT_TARGET = 5.1;
				SDKROOT = iphoneos;
			};
			name = Debug;
		};
		9BB5EEAD15911E000095538D /* Release */ = {
			isa = XCBuildConfiguration;
			buildSettings = {
				ALWAYS_SEARCH_USER_PATHS = NO;
				ARCHS = "$(ARCHS_STANDARD_32_BIT)";
				CLANG_ENABLE_OBJC_ARC = YES;
				"CODE_SIGN_IDENTITY[sdk=iphoneos*]" = "iPhone Developer";
				COPY_PHASE_STRIP = YES;
				GCC_C_LANGUAGE_STANDARD = gnu99;
				GCC_VERSION = com.apple.compilers.llvm.clang.1_0;
				GCC_WARN_ABOUT_RETURN_TYPE = YES;
				GCC_WARN_UNINITIALIZED_AUTOS = YES;
				GCC_WARN_UNUSED_VARIABLE = YES;
				IPHONEOS_DEPLOYMENT_TARGET = 5.1;
				OTHER_CFLAGS = "-DNS_BLOCK_ASSERTIONS=1";
				SDKROOT = iphoneos;
				VALIDATE_PRODUCT = YES;
			};
			name = Release;
		};
		9BB5EEAF15911E000095538D /* Debug */ = {
			isa = XCBuildConfiguration;
			buildSettings = {
				GCC_PRECOMPILE_PREFIX_HEADER = YES;
				GCC_PREFIX_HEADER = "Puzzled_v0/Puzzled_v0-Prefix.pch";
				INFOPLIST_FILE = "Puzzled_v0/Puzzled_v0-Info.plist";
				PRODUCT_NAME = "$(TARGET_NAME)";
				WRAPPER_EXTENSION = app;
			};
			name = Debug;
		};
		9BB5EEB015911E000095538D /* Release */ = {
			isa = XCBuildConfiguration;
			buildSettings = {
				GCC_PRECOMPILE_PREFIX_HEADER = YES;
				GCC_PREFIX_HEADER = "Puzzled_v0/Puzzled_v0-Prefix.pch";
				INFOPLIST_FILE = "Puzzled_v0/Puzzled_v0-Info.plist";
				PRODUCT_NAME = "$(TARGET_NAME)";
				WRAPPER_EXTENSION = app;
			};
			name = Release;
		};
/* End XCBuildConfiguration section */

/* Begin XCConfigurationList section */
		9BB5EE8A15911E000095538D /* Build configuration list for PBXProject "Puzzled_v0" */ = {
			isa = XCConfigurationList;
			buildConfigurations = (
				9BB5EEAC15911E000095538D /* Debug */,
				9BB5EEAD15911E000095538D /* Release */,
			);
			defaultConfigurationIsVisible = 0;
			defaultConfigurationName = Release;
		};
		9BB5EEAE15911E000095538D /* Build configuration list for PBXNativeTarget "Puzzled_v0" */ = {
			isa = XCConfigurationList;
			buildConfigurations = (
				9BB5EEAF15911E000095538D /* Debug */,
				9BB5EEB015911E000095538D /* Release */,
			);
			defaultConfigurationIsVisible = 0;
		};
/* End XCConfigurationList section */
	};
	rootObject = 9BB5EE8715911E000095538D /* Project object */;
}
